// !$*UTF8*$!
{
	archiveVersion = 1;
	classes = {
	};
	objectVersion = 46;
	objects = {

/* Begin PBXBuildFile section */
		0A4D1BAE1DF0762D00BF7CCE /* R5Streaming.framework in Frameworks */ = {isa = PBXBuildFile; fileRef = 0A4D1BAD1DF0762D00BF7CCE /* R5Streaming.framework */; };
		0A4D1BB01DF09C3E00BF7CCE /* CFNetwork.framework in Frameworks */ = {isa = PBXBuildFile; fileRef = 0A4D1BAF1DF09C3E00BF7CCE /* CFNetwork.framework */; };
		0A4D1BB21DF09C5200BF7CCE /* AudioToolbox.framework in Frameworks */ = {isa = PBXBuildFile; fileRef = 0A4D1BB11DF09C5200BF7CCE /* AudioToolbox.framework */; };
		0A4D1BB41DF09C6000BF7CCE /* CoreMotion.framework in Frameworks */ = {isa = PBXBuildFile; fileRef = 0A4D1BB31DF09C6000BF7CCE /* CoreMotion.framework */; };
		0A4D1BB61DF09C6D00BF7CCE /* CoreText.framework in Frameworks */ = {isa = PBXBuildFile; fileRef = 0A4D1BB51DF09C6D00BF7CCE /* CoreText.framework */; };
		0A4D1BB81DF09C7400BF7CCE /* OpenAL.framework in Frameworks */ = {isa = PBXBuildFile; fileRef = 0A4D1BB71DF09C7400BF7CCE /* OpenAL.framework */; };
		0A4D1BBA1DF09C8100BF7CCE /* QuartzCore.framework in Frameworks */ = {isa = PBXBuildFile; fileRef = 0A4D1BB91DF09C8100BF7CCE /* QuartzCore.framework */; };
		0A4D1BBC1DF09C8700BF7CCE /* Security.framework in Frameworks */ = {isa = PBXBuildFile; fileRef = 0A4D1BBB1DF09C8700BF7CCE /* Security.framework */; };
		0A4D1BBE1DF09C9C00BF7CCE /* libbz2.tbd in Frameworks */ = {isa = PBXBuildFile; fileRef = 0A4D1BBD1DF09C9C00BF7CCE /* libbz2.tbd */; };
		0A4D1BC01DF09CB000BF7CCE /* libiconv.tbd in Frameworks */ = {isa = PBXBuildFile; fileRef = 0A4D1BBF1DF09CB000BF7CCE /* libiconv.tbd */; };
		0A4D1BC21DF09CC700BF7CCE /* libz.tbd in Frameworks */ = {isa = PBXBuildFile; fileRef = 0A4D1BC11DF09CC700BF7CCE /* libz.tbd */; };
		0A4D1BC71DF0A08300BF7CCE /* PublishViewController.swift in Sources */ = {isa = PBXBuildFile; fileRef = 0A4D1BC61DF0A08300BF7CCE /* PublishViewController.swift */; };
		0A63224B1DE5B89F006A0644 /* MainViewController.swift in Sources */ = {isa = PBXBuildFile; fileRef = 0A6322491DE5B89F006A0644 /* MainViewController.swift */; };
		0A63224C1DE5B89F006A0644 /* NoNavBarNavigationController.swift in Sources */ = {isa = PBXBuildFile; fileRef = 0A63224A1DE5B89F006A0644 /* NoNavBarNavigationController.swift */; };
		0A6322521DE6D4D6006A0644 /* LatestStreamCollectionViewCell.swift in Sources */ = {isa = PBXBuildFile; fileRef = 0A6322511DE6D4D6006A0644 /* LatestStreamCollectionViewCell.swift */; };
		0A6322561DE7987A006A0644 /* CameraViewController.swift in Sources */ = {isa = PBXBuildFile; fileRef = 0A6322551DE7987A006A0644 /* CameraViewController.swift */; };
		0A6322591DE79FF7006A0644 /* CameraView.swift in Sources */ = {isa = PBXBuildFile; fileRef = 0A6322581DE79FF7006A0644 /* CameraView.swift */; };
		0A63225B1DE7A007006A0644 /* View.xib in Resources */ = {isa = PBXBuildFile; fileRef = 0A63225A1DE7A007006A0644 /* View.xib */; };
		0A63225F1DE8421D006A0644 /* SmallCollectionViewCell.swift in Sources */ = {isa = PBXBuildFile; fileRef = 0A63225E1DE8421D006A0644 /* SmallCollectionViewCell.swift */; };
		0A6322641DEB41EA006A0644 /* VideoPlayerViewController.swift in Sources */ = {isa = PBXBuildFile; fileRef = 0A6322631DEB41EA006A0644 /* VideoPlayerViewController.swift */; };
		0A6322681DEB5798006A0644 /* ProfileHeaderView.swift in Sources */ = {isa = PBXBuildFile; fileRef = 0A6322671DEB5798006A0644 /* ProfileHeaderView.swift */; };
		0A63226A1DEB57C0006A0644 /* ProfilesVideosCollectionViewCell.swift in Sources */ = {isa = PBXBuildFile; fileRef = 0A6322691DEB57C0006A0644 /* ProfilesVideosCollectionViewCell.swift */; };
		0A6322701DEDE8EB006A0644 /* CategoryCell.swift in Sources */ = {isa = PBXBuildFile; fileRef = 0A63226F1DEDE8EB006A0644 /* CategoryCell.swift */; };
		0A6322721DEE0630006A0644 /* LatestStreamCollectionViewCell.xib in Resources */ = {isa = PBXBuildFile; fileRef = 0A6322711DEE0630006A0644 /* LatestStreamCollectionViewCell.xib */; };
		0A6322741DEE076E006A0644 /* SmallCollectionViewCell.xib in Resources */ = {isa = PBXBuildFile; fileRef = 0A6322731DEE076E006A0644 /* SmallCollectionViewCell.xib */; };
		0A6322771DEE22CD006A0644 /* MainHeader.swift in Sources */ = {isa = PBXBuildFile; fileRef = 0A6322751DEE22CD006A0644 /* MainHeader.swift */; };
		0A6322781DEE22CD006A0644 /* MainHeader.xib in Resources */ = {isa = PBXBuildFile; fileRef = 0A6322761DEE22CD006A0644 /* MainHeader.xib */; };
		0A63227B1DEE43CD006A0644 /* ExpandedViewController.swift in Sources */ = {isa = PBXBuildFile; fileRef = 0A63227A1DEE43CD006A0644 /* ExpandedViewController.swift */; };
		0A9D4EFE1E0BF919007F9178 /* ApiManager.swift in Sources */ = {isa = PBXBuildFile; fileRef = 0A9D4EFD1E0BF919007F9178 /* ApiManager.swift */; };
		0A9D4F011E0BF9F2007F9178 /* ErrorModel.swift in Sources */ = {isa = PBXBuildFile; fileRef = 0A9D4F001E0BF9F2007F9178 /* ErrorModel.swift */; };
		0A9D4F031E0C015D007F9178 /* AuthMainViewController.swift in Sources */ = {isa = PBXBuildFile; fileRef = 0A9D4F021E0C015D007F9178 /* AuthMainViewController.swift */; };
		0A9D4F051E0D34E7007F9178 /* ProfileModel.swift in Sources */ = {isa = PBXBuildFile; fileRef = 0A9D4F041E0D34E7007F9178 /* ProfileModel.swift */; };
		0A9D4F071E0D39CF007F9178 /* FirstStepSignUpViewController.swift in Sources */ = {isa = PBXBuildFile; fileRef = 0A9D4F061E0D39CF007F9178 /* FirstStepSignUpViewController.swift */; };
		0A9D4F091E0D4920007F9178 /* WebViewController.swift in Sources */ = {isa = PBXBuildFile; fileRef = 0A9D4F081E0D4920007F9178 /* WebViewController.swift */; };
		0A9D4F0B1E0D50DA007F9178 /* BirthdayViewController.swift in Sources */ = {isa = PBXBuildFile; fileRef = 0A9D4F0A1E0D50DA007F9178 /* BirthdayViewController.swift */; };
		0A9D4F0D1E0EE585007F9178 /* UserNameViewController.swift in Sources */ = {isa = PBXBuildFile; fileRef = 0A9D4F0C1E0EE585007F9178 /* UserNameViewController.swift */; };
		0A9D4F0F1E0EF3FC007F9178 /* PasswordViewController.swift in Sources */ = {isa = PBXBuildFile; fileRef = 0A9D4F0E1E0EF3FC007F9178 /* PasswordViewController.swift */; };
		0AA596091DE4E9CB0005336D /* Defaults.swift in Sources */ = {isa = PBXBuildFile; fileRef = 0AA596081DE4E9CB0005336D /* Defaults.swift */; };
		0AAA359D1DF6A8AD00DFD0BD /* SubcribeViewController.swift in Sources */ = {isa = PBXBuildFile; fileRef = 0AAA359C1DF6A8AD00DFD0BD /* SubcribeViewController.swift */; };
		0ABB902F1DE422C2009E39E5 /* AppDelegate.swift in Sources */ = {isa = PBXBuildFile; fileRef = 0ABB902E1DE422C2009E39E5 /* AppDelegate.swift */; };
		0ABB90341DE422C2009E39E5 /* Main.storyboard in Resources */ = {isa = PBXBuildFile; fileRef = 0ABB90321DE422C2009E39E5 /* Main.storyboard */; };
		0ABB90361DE422C2009E39E5 /* Assets.xcassets in Resources */ = {isa = PBXBuildFile; fileRef = 0ABB90351DE422C2009E39E5 /* Assets.xcassets */; };
		0ABB90391DE422C2009E39E5 /* LaunchScreen.storyboard in Resources */ = {isa = PBXBuildFile; fileRef = 0ABB90371DE422C2009E39E5 /* LaunchScreen.storyboard */; };
		0ABB90471DE433F5009E39E5 /* CheckCodeViewController.swift in Sources */ = {isa = PBXBuildFile; fileRef = 0ABB90461DE433F5009E39E5 /* CheckCodeViewController.swift */; };
		0ABB90491DE4340E009E39E5 /* FillProfileViewController.swift in Sources */ = {isa = PBXBuildFile; fileRef = 0ABB90481DE4340E009E39E5 /* FillProfileViewController.swift */; };
		0ABB904D1DE439C1009E39E5 /* YourPhoneViewController.swift in Sources */ = {isa = PBXBuildFile; fileRef = 0ABB904C1DE439C1009E39E5 /* YourPhoneViewController.swift */; };
		0ABB904F1DE44C08009E39E5 /* AuthorizationViewController.swift in Sources */ = {isa = PBXBuildFile; fileRef = 0ABB904E1DE44C08009E39E5 /* AuthorizationViewController.swift */; };
		0ACD26EB1E0AC2C900C0DD82 /* PlayerViewController.swift in Sources */ = {isa = PBXBuildFile; fileRef = 0ACD26EA1E0AC2C900C0DD82 /* PlayerViewController.swift */; };
		2860D4369961437E7277572A /* Pods_Swiffshot.framework in Frameworks */ = {isa = PBXBuildFile; fileRef = 51A4CE215DC685289B805FFC /* Pods_Swiffshot.framework */; };
/* End PBXBuildFile section */

/* Begin PBXFileReference section */
		0A4D1BAD1DF0762D00BF7CCE /* R5Streaming.framework */ = {isa = PBXFileReference; lastKnownFileType = wrapper.framework; path = R5Streaming.framework; sourceTree = "<group>"; };
		0A4D1BAF1DF09C3E00BF7CCE /* CFNetwork.framework */ = {isa = PBXFileReference; lastKnownFileType = wrapper.framework; name = CFNetwork.framework; path = System/Library/Frameworks/CFNetwork.framework; sourceTree = SDKROOT; };
		0A4D1BB11DF09C5200BF7CCE /* AudioToolbox.framework */ = {isa = PBXFileReference; lastKnownFileType = wrapper.framework; name = AudioToolbox.framework; path = System/Library/Frameworks/AudioToolbox.framework; sourceTree = SDKROOT; };
		0A4D1BB31DF09C6000BF7CCE /* CoreMotion.framework */ = {isa = PBXFileReference; lastKnownFileType = wrapper.framework; name = CoreMotion.framework; path = System/Library/Frameworks/CoreMotion.framework; sourceTree = SDKROOT; };
		0A4D1BB51DF09C6D00BF7CCE /* CoreText.framework */ = {isa = PBXFileReference; lastKnownFileType = wrapper.framework; name = CoreText.framework; path = System/Library/Frameworks/CoreText.framework; sourceTree = SDKROOT; };
		0A4D1BB71DF09C7400BF7CCE /* OpenAL.framework */ = {isa = PBXFileReference; lastKnownFileType = wrapper.framework; name = OpenAL.framework; path = System/Library/Frameworks/OpenAL.framework; sourceTree = SDKROOT; };
		0A4D1BB91DF09C8100BF7CCE /* QuartzCore.framework */ = {isa = PBXFileReference; lastKnownFileType = wrapper.framework; name = QuartzCore.framework; path = System/Library/Frameworks/QuartzCore.framework; sourceTree = SDKROOT; };
		0A4D1BBB1DF09C8700BF7CCE /* Security.framework */ = {isa = PBXFileReference; lastKnownFileType = wrapper.framework; name = Security.framework; path = System/Library/Frameworks/Security.framework; sourceTree = SDKROOT; };
		0A4D1BBD1DF09C9C00BF7CCE /* libbz2.tbd */ = {isa = PBXFileReference; lastKnownFileType = "sourcecode.text-based-dylib-definition"; name = libbz2.tbd; path = usr/lib/libbz2.tbd; sourceTree = SDKROOT; };
		0A4D1BBF1DF09CB000BF7CCE /* libiconv.tbd */ = {isa = PBXFileReference; lastKnownFileType = "sourcecode.text-based-dylib-definition"; name = libiconv.tbd; path = usr/lib/libiconv.tbd; sourceTree = SDKROOT; };
		0A4D1BC11DF09CC700BF7CCE /* libz.tbd */ = {isa = PBXFileReference; lastKnownFileType = "sourcecode.text-based-dylib-definition"; name = libz.tbd; path = usr/lib/libz.tbd; sourceTree = SDKROOT; };
		0A4D1BC61DF0A08300BF7CCE /* PublishViewController.swift */ = {isa = PBXFileReference; fileEncoding = 4; lastKnownFileType = sourcecode.swift; name = PublishViewController.swift; path = Controllers/Publisher/PublishViewController.swift; sourceTree = "<group>"; };
		0A6322491DE5B89F006A0644 /* MainViewController.swift */ = {isa = PBXFileReference; fileEncoding = 4; lastKnownFileType = sourcecode.swift; name = MainViewController.swift; path = Controllers/MainScreen/MainViewController.swift; sourceTree = "<group>"; };
		0A63224A1DE5B89F006A0644 /* NoNavBarNavigationController.swift */ = {isa = PBXFileReference; fileEncoding = 4; lastKnownFileType = sourcecode.swift; name = NoNavBarNavigationController.swift; path = Controllers/MainScreen/NoNavBarNavigationController.swift; sourceTree = "<group>"; };
		0A6322511DE6D4D6006A0644 /* LatestStreamCollectionViewCell.swift */ = {isa = PBXFileReference; fileEncoding = 4; lastKnownFileType = sourcecode.swift; name = LatestStreamCollectionViewCell.swift; path = Controllers/MainScreen/LatestStreamCollectionViewCell.swift; sourceTree = "<group>"; };
		0A6322551DE7987A006A0644 /* CameraViewController.swift */ = {isa = PBXFileReference; fileEncoding = 4; lastKnownFileType = sourcecode.swift; name = CameraViewController.swift; path = Controllers/MainScreen/CameraViewController.swift; sourceTree = "<group>"; };
		0A6322581DE79FF7006A0644 /* CameraView.swift */ = {isa = PBXFileReference; fileEncoding = 4; lastKnownFileType = sourcecode.swift; name = CameraView.swift; path = Views/CameraView.swift; sourceTree = "<group>"; };
		0A63225A1DE7A007006A0644 /* View.xib */ = {isa = PBXFileReference; fileEncoding = 4; lastKnownFileType = file.xib; name = View.xib; path = Views/View.xib; sourceTree = "<group>"; };
		0A63225E1DE8421D006A0644 /* SmallCollectionViewCell.swift */ = {isa = PBXFileReference; fileEncoding = 4; lastKnownFileType = sourcecode.swift; name = SmallCollectionViewCell.swift; path = Controllers/MainScreen/SmallCollectionViewCell.swift; sourceTree = "<group>"; };
		0A6322631DEB41EA006A0644 /* VideoPlayerViewController.swift */ = {isa = PBXFileReference; fileEncoding = 4; lastKnownFileType = sourcecode.swift; name = VideoPlayerViewController.swift; path = Controllers/VideoPlayer/VideoPlayerViewController.swift; sourceTree = "<group>"; };
		0A6322671DEB5798006A0644 /* ProfileHeaderView.swift */ = {isa = PBXFileReference; fileEncoding = 4; lastKnownFileType = sourcecode.swift; name = ProfileHeaderView.swift; path = Controllers/VideoPlayer/ProfileHeaderView.swift; sourceTree = "<group>"; };
		0A6322691DEB57C0006A0644 /* ProfilesVideosCollectionViewCell.swift */ = {isa = PBXFileReference; fileEncoding = 4; lastKnownFileType = sourcecode.swift; name = ProfilesVideosCollectionViewCell.swift; path = Controllers/VideoPlayer/ProfilesVideosCollectionViewCell.swift; sourceTree = "<group>"; };
		0A63226F1DEDE8EB006A0644 /* CategoryCell.swift */ = {isa = PBXFileReference; fileEncoding = 4; lastKnownFileType = sourcecode.swift; name = CategoryCell.swift; path = Controllers/MainScreen/CategoryCell.swift; sourceTree = "<group>"; };
		0A6322711DEE0630006A0644 /* LatestStreamCollectionViewCell.xib */ = {isa = PBXFileReference; fileEncoding = 4; lastKnownFileType = file.xib; name = LatestStreamCollectionViewCell.xib; path = Controllers/MainScreen/LatestStreamCollectionViewCell.xib; sourceTree = "<group>"; };
		0A6322731DEE076E006A0644 /* SmallCollectionViewCell.xib */ = {isa = PBXFileReference; fileEncoding = 4; lastKnownFileType = file.xib; name = SmallCollectionViewCell.xib; path = Controllers/MainScreen/SmallCollectionViewCell.xib; sourceTree = "<group>"; };
		0A6322751DEE22CD006A0644 /* MainHeader.swift */ = {isa = PBXFileReference; fileEncoding = 4; lastKnownFileType = sourcecode.swift; name = MainHeader.swift; path = Controllers/MainScreen/MainHeader.swift; sourceTree = "<group>"; };
		0A6322761DEE22CD006A0644 /* MainHeader.xib */ = {isa = PBXFileReference; fileEncoding = 4; lastKnownFileType = file.xib; name = MainHeader.xib; path = Controllers/MainScreen/MainHeader.xib; sourceTree = "<group>"; };
		0A63227A1DEE43CD006A0644 /* ExpandedViewController.swift */ = {isa = PBXFileReference; fileEncoding = 4; lastKnownFileType = sourcecode.swift; name = ExpandedViewController.swift; path = Controllers/ExpandedCategories/ExpandedViewController.swift; sourceTree = "<group>"; };
		0A9D4EFD1E0BF919007F9178 /* ApiManager.swift */ = {isa = PBXFileReference; fileEncoding = 4; lastKnownFileType = sourcecode.swift; name = ApiManager.swift; path = Utilities/API/ApiManager.swift; sourceTree = "<group>"; };
		0A9D4F001E0BF9F2007F9178 /* ErrorModel.swift */ = {isa = PBXFileReference; fileEncoding = 4; lastKnownFileType = sourcecode.swift; name = ErrorModel.swift; path = Models/ErrorModel.swift; sourceTree = "<group>"; };
		0A9D4F021E0C015D007F9178 /* AuthMainViewController.swift */ = {isa = PBXFileReference; fileEncoding = 4; lastKnownFileType = sourcecode.swift; name = AuthMainViewController.swift; path = Controllers/Authorization/AuthMainViewController.swift; sourceTree = "<group>"; };
		0A9D4F041E0D34E7007F9178 /* ProfileModel.swift */ = {isa = PBXFileReference; fileEncoding = 4; lastKnownFileType = sourcecode.swift; name = ProfileModel.swift; path = Models/ProfileModel.swift; sourceTree = "<group>"; };
		0A9D4F061E0D39CF007F9178 /* FirstStepSignUpViewController.swift */ = {isa = PBXFileReference; fileEncoding = 4; lastKnownFileType = sourcecode.swift; name = FirstStepSignUpViewController.swift; path = Controllers/Authorization/FirstStepSignUpViewController.swift; sourceTree = "<group>"; };
		0A9D4F081E0D4920007F9178 /* WebViewController.swift */ = {isa = PBXFileReference; fileEncoding = 4; lastKnownFileType = sourcecode.swift; name = WebViewController.swift; path = Controllers/Authorization/WebViewController.swift; sourceTree = "<group>"; };
		0A9D4F0A1E0D50DA007F9178 /* BirthdayViewController.swift */ = {isa = PBXFileReference; fileEncoding = 4; lastKnownFileType = sourcecode.swift; name = BirthdayViewController.swift; path = Controllers/Authorization/BirthdayViewController.swift; sourceTree = "<group>"; };
		0A9D4F0C1E0EE585007F9178 /* UserNameViewController.swift */ = {isa = PBXFileReference; fileEncoding = 4; lastKnownFileType = sourcecode.swift; name = UserNameViewController.swift; path = Controllers/Authorization/UserNameViewController.swift; sourceTree = "<group>"; };
		0A9D4F0E1E0EF3FC007F9178 /* PasswordViewController.swift */ = {isa = PBXFileReference; fileEncoding = 4; lastKnownFileType = sourcecode.swift; name = PasswordViewController.swift; path = Controllers/Authorization/PasswordViewController.swift; sourceTree = "<group>"; };
		0AA596081DE4E9CB0005336D /* Defaults.swift */ = {isa = PBXFileReference; fileEncoding = 4; lastKnownFileType = sourcecode.swift; name = Defaults.swift; path = Utilities/Defaults.swift; sourceTree = "<group>"; };
		0AAA359C1DF6A8AD00DFD0BD /* SubcribeViewController.swift */ = {isa = PBXFileReference; fileEncoding = 4; lastKnownFileType = sourcecode.swift; name = SubcribeViewController.swift; path = Controllers/Publisher/SubcribeViewController.swift; sourceTree = "<group>"; };
		0ABB902B1DE422C2009E39E5 /* Swiffshot.app */ = {isa = PBXFileReference; explicitFileType = wrapper.application; includeInIndex = 0; path = Swiffshot.app; sourceTree = BUILT_PRODUCTS_DIR; };
		0ABB902E1DE422C2009E39E5 /* AppDelegate.swift */ = {isa = PBXFileReference; lastKnownFileType = sourcecode.swift; path = AppDelegate.swift; sourceTree = "<group>"; };
		0ABB90331DE422C2009E39E5 /* Base */ = {isa = PBXFileReference; lastKnownFileType = file.storyboard; name = Base; path = Base.lproj/Main.storyboard; sourceTree = "<group>"; };
		0ABB90351DE422C2009E39E5 /* Assets.xcassets */ = {isa = PBXFileReference; lastKnownFileType = folder.assetcatalog; path = Assets.xcassets; sourceTree = "<group>"; };
		0ABB90381DE422C2009E39E5 /* Base */ = {isa = PBXFileReference; lastKnownFileType = file.storyboard; name = Base; path = Base.lproj/LaunchScreen.storyboard; sourceTree = "<group>"; };
		0ABB903A1DE422C2009E39E5 /* Info.plist */ = {isa = PBXFileReference; lastKnownFileType = text.plist.xml; path = Info.plist; sourceTree = "<group>"; };
		0ABB90461DE433F5009E39E5 /* CheckCodeViewController.swift */ = {isa = PBXFileReference; fileEncoding = 4; lastKnownFileType = sourcecode.swift; name = CheckCodeViewController.swift; path = Controllers/Authorization/CheckCodeViewController.swift; sourceTree = "<group>"; };
		0ABB90481DE4340E009E39E5 /* FillProfileViewController.swift */ = {isa = PBXFileReference; fileEncoding = 4; lastKnownFileType = sourcecode.swift; name = FillProfileViewController.swift; path = Controllers/Authorization/FillProfileViewController.swift; sourceTree = "<group>"; };
		0ABB904C1DE439C1009E39E5 /* YourPhoneViewController.swift */ = {isa = PBXFileReference; fileEncoding = 4; lastKnownFileType = sourcecode.swift; name = YourPhoneViewController.swift; path = Controllers/Authorization/YourPhoneViewController.swift; sourceTree = "<group>"; };
		0ABB904E1DE44C08009E39E5 /* AuthorizationViewController.swift */ = {isa = PBXFileReference; fileEncoding = 4; lastKnownFileType = sourcecode.swift; name = AuthorizationViewController.swift; path = Controllers/Authorization/AuthorizationViewController.swift; sourceTree = "<group>"; };
		0ACD26EA1E0AC2C900C0DD82 /* PlayerViewController.swift */ = {isa = PBXFileReference; fileEncoding = 4; lastKnownFileType = sourcecode.swift; name = PlayerViewController.swift; path = Controllers/VideoPlayer/PlayerViewController.swift; sourceTree = "<group>"; };
		1A27AEA2574358937AA567EC /* Pods-Swiffshot.release.xcconfig */ = {isa = PBXFileReference; includeInIndex = 1; lastKnownFileType = text.xcconfig; name = "Pods-Swiffshot.release.xcconfig"; path = "Pods/Target Support Files/Pods-Swiffshot/Pods-Swiffshot.release.xcconfig"; sourceTree = "<group>"; };
		51A4CE215DC685289B805FFC /* Pods_Swiffshot.framework */ = {isa = PBXFileReference; explicitFileType = wrapper.framework; includeInIndex = 0; path = Pods_Swiffshot.framework; sourceTree = BUILT_PRODUCTS_DIR; };
		D38950A16AAE54D32BCC66C1 /* Pods-Swiffshot.debug.xcconfig */ = {isa = PBXFileReference; includeInIndex = 1; lastKnownFileType = text.xcconfig; name = "Pods-Swiffshot.debug.xcconfig"; path = "Pods/Target Support Files/Pods-Swiffshot/Pods-Swiffshot.debug.xcconfig"; sourceTree = "<group>"; };
/* End PBXFileReference section */

/* Begin PBXFrameworksBuildPhase section */
		0ABB90281DE422C2009E39E5 /* Frameworks */ = {
			isa = PBXFrameworksBuildPhase;
			buildActionMask = 2147483647;
			files = (
				0A4D1BC21DF09CC700BF7CCE /* libz.tbd in Frameworks */,
				0A4D1BC01DF09CB000BF7CCE /* libiconv.tbd in Frameworks */,
				0A4D1BBE1DF09C9C00BF7CCE /* libbz2.tbd in Frameworks */,
				0A4D1BBC1DF09C8700BF7CCE /* Security.framework in Frameworks */,
				0A4D1BBA1DF09C8100BF7CCE /* QuartzCore.framework in Frameworks */,
				0A4D1BB81DF09C7400BF7CCE /* OpenAL.framework in Frameworks */,
				0A4D1BB61DF09C6D00BF7CCE /* CoreText.framework in Frameworks */,
				0A4D1BB41DF09C6000BF7CCE /* CoreMotion.framework in Frameworks */,
				0A4D1BB21DF09C5200BF7CCE /* AudioToolbox.framework in Frameworks */,
				0A4D1BB01DF09C3E00BF7CCE /* CFNetwork.framework in Frameworks */,
				0A4D1BAE1DF0762D00BF7CCE /* R5Streaming.framework in Frameworks */,
				2860D4369961437E7277572A /* Pods_Swiffshot.framework in Frameworks */,
			);
			runOnlyForDeploymentPostprocessing = 0;
		};
/* End PBXFrameworksBuildPhase section */

/* Begin PBXGroup section */
		0A4D1BC31DF09F7700BF7CCE /* Publisher */ = {
			isa = PBXGroup;
			children = (
				0A4D1BC61DF0A08300BF7CCE /* PublishViewController.swift */,
				0AAA359C1DF6A8AD00DFD0BD /* SubcribeViewController.swift */,
			);
			name = Publisher;
			sourceTree = "<group>";
		};
		0A6322481DE5B864006A0644 /* MainScreen */ = {
			isa = PBXGroup;
			children = (
				0A6322491DE5B89F006A0644 /* MainViewController.swift */,
				0A63224A1DE5B89F006A0644 /* NoNavBarNavigationController.swift */,
				0A6322551DE7987A006A0644 /* CameraViewController.swift */,
				0A63226F1DEDE8EB006A0644 /* CategoryCell.swift */,
				0A63225E1DE8421D006A0644 /* SmallCollectionViewCell.swift */,
				0A6322731DEE076E006A0644 /* SmallCollectionViewCell.xib */,
				0A6322511DE6D4D6006A0644 /* LatestStreamCollectionViewCell.swift */,
				0A6322711DEE0630006A0644 /* LatestStreamCollectionViewCell.xib */,
				0A6322751DEE22CD006A0644 /* MainHeader.swift */,
				0A6322761DEE22CD006A0644 /* MainHeader.xib */,
			);
			name = MainScreen;
			sourceTree = "<group>";
		};
		0A6322571DE79AB6006A0644 /* Views */ = {
			isa = PBXGroup;
			children = (
				0A6322581DE79FF7006A0644 /* CameraView.swift */,
				0A63225A1DE7A007006A0644 /* View.xib */,
			);
			name = Views;
			sourceTree = "<group>";
		};
		0A6322621DEB41A7006A0644 /* VideoPlayer */ = {
			isa = PBXGroup;
			children = (
				0A6322631DEB41EA006A0644 /* VideoPlayerViewController.swift */,
				0A6322671DEB5798006A0644 /* ProfileHeaderView.swift */,
				0A6322691DEB57C0006A0644 /* ProfilesVideosCollectionViewCell.swift */,
				0ACD26EA1E0AC2C900C0DD82 /* PlayerViewController.swift */,
			);
			name = VideoPlayer;
			sourceTree = "<group>";
		};
		0A6322791DEE439C006A0644 /* ExpandedCategories */ = {
			isa = PBXGroup;
			children = (
				0A63227A1DEE43CD006A0644 /* ExpandedViewController.swift */,
			);
			name = ExpandedCategories;
			sourceTree = "<group>";
		};
		0A9D4EFC1E0BF909007F9178 /* API */ = {
			isa = PBXGroup;
			children = (
				0A9D4EFD1E0BF919007F9178 /* ApiManager.swift */,
			);
			name = API;
			sourceTree = "<group>";
		};
		0A9D4EFF1E0BF9E6007F9178 /* Models */ = {
			isa = PBXGroup;
			children = (
				0A9D4F001E0BF9F2007F9178 /* ErrorModel.swift */,
				0A9D4F041E0D34E7007F9178 /* ProfileModel.swift */,
			);
			name = Models;
			sourceTree = "<group>";
		};
		0AA596051DE4E7180005336D /* Utilities */ = {
			isa = PBXGroup;
			children = (
				0A9D4EFC1E0BF909007F9178 /* API */,
				0AA596081DE4E9CB0005336D /* Defaults.swift */,
			);
			name = Utilities;
			sourceTree = "<group>";
		};
		0ABB90221DE422C2009E39E5 = {
			isa = PBXGroup;
			children = (
				0ABB902D1DE422C2009E39E5 /* Swiffshot */,
				0ABB902C1DE422C2009E39E5 /* Products */,
				175B78770F7B97FD43DD0539 /* Pods */,
				9C191BAFFDA9F2D6ABF4E91D /* Frameworks */,
			);
			sourceTree = "<group>";
		};
		0ABB902C1DE422C2009E39E5 /* Products */ = {
			isa = PBXGroup;
			children = (
				0ABB902B1DE422C2009E39E5 /* Swiffshot.app */,
			);
			name = Products;
			sourceTree = "<group>";
		};
		0ABB902D1DE422C2009E39E5 /* Swiffshot */ = {
			isa = PBXGroup;
			children = (
				0A9D4EFF1E0BF9E6007F9178 /* Models */,
				0A6322571DE79AB6006A0644 /* Views */,
				0ABB90421DE42634009E39E5 /* Controllers */,
				0ABB90401DE42602009E39E5 /* Resources */,
				0AA596051DE4E7180005336D /* Utilities */,
				0ABB90321DE422C2009E39E5 /* Main.storyboard */,
				0ABB90371DE422C2009E39E5 /* LaunchScreen.storyboard */,
				0ABB903A1DE422C2009E39E5 /* Info.plist */,
			);
			path = Swiffshot;
			sourceTree = "<group>";
		};
		0ABB90401DE42602009E39E5 /* Resources */ = {
			isa = PBXGroup;
			children = (
				0ABB90351DE422C2009E39E5 /* Assets.xcassets */,
			);
			name = Resources;
			sourceTree = "<group>";
		};
		0ABB90421DE42634009E39E5 /* Controllers */ = {
			isa = PBXGroup;
			children = (
				0A4D1BC31DF09F7700BF7CCE /* Publisher */,
				0A6322791DEE439C006A0644 /* ExpandedCategories */,
				0A6322621DEB41A7006A0644 /* VideoPlayer */,
				0A6322481DE5B864006A0644 /* MainScreen */,
				0ABB90431DE4338E009E39E5 /* Authorization */,
				0ABB902E1DE422C2009E39E5 /* AppDelegate.swift */,
			);
			name = Controllers;
			sourceTree = "<group>";
		};
		0ABB90431DE4338E009E39E5 /* Authorization */ = {
			isa = PBXGroup;
			children = (
				0ABB90461DE433F5009E39E5 /* CheckCodeViewController.swift */,
				0ABB90481DE4340E009E39E5 /* FillProfileViewController.swift */,
				0ABB904C1DE439C1009E39E5 /* YourPhoneViewController.swift */,
				0ABB904E1DE44C08009E39E5 /* AuthorizationViewController.swift */,
				0A9D4F021E0C015D007F9178 /* AuthMainViewController.swift */,
				0A9D4F061E0D39CF007F9178 /* FirstStepSignUpViewController.swift */,
				0A9D4F081E0D4920007F9178 /* WebViewController.swift */,
				0A9D4F0A1E0D50DA007F9178 /* BirthdayViewController.swift */,
				0A9D4F0C1E0EE585007F9178 /* UserNameViewController.swift */,
				0A9D4F0E1E0EF3FC007F9178 /* PasswordViewController.swift */,
			);
			name = Authorization;
			sourceTree = "<group>";
		};
		175B78770F7B97FD43DD0539 /* Pods */ = {
			isa = PBXGroup;
			children = (
				D38950A16AAE54D32BCC66C1 /* Pods-Swiffshot.debug.xcconfig */,
				1A27AEA2574358937AA567EC /* Pods-Swiffshot.release.xcconfig */,
			);
			name = Pods;
			sourceTree = "<group>";
		};
		9C191BAFFDA9F2D6ABF4E91D /* Frameworks */ = {
			isa = PBXGroup;
			children = (
				0A4D1BC11DF09CC700BF7CCE /* libz.tbd */,
				0A4D1BBF1DF09CB000BF7CCE /* libiconv.tbd */,
				0A4D1BBD1DF09C9C00BF7CCE /* libbz2.tbd */,
				0A4D1BBB1DF09C8700BF7CCE /* Security.framework */,
				0A4D1BB91DF09C8100BF7CCE /* QuartzCore.framework */,
				0A4D1BB71DF09C7400BF7CCE /* OpenAL.framework */,
				0A4D1BB51DF09C6D00BF7CCE /* CoreText.framework */,
				0A4D1BB31DF09C6000BF7CCE /* CoreMotion.framework */,
				0A4D1BB11DF09C5200BF7CCE /* AudioToolbox.framework */,
				0A4D1BAF1DF09C3E00BF7CCE /* CFNetwork.framework */,
				0A4D1BAD1DF0762D00BF7CCE /* R5Streaming.framework */,
				51A4CE215DC685289B805FFC /* Pods_Swiffshot.framework */,
			);
			name = Frameworks;
			sourceTree = "<group>";
		};
/* End PBXGroup section */

/* Begin PBXNativeTarget section */
		0ABB902A1DE422C2009E39E5 /* Swiffshot */ = {
			isa = PBXNativeTarget;
			buildConfigurationList = 0ABB903D1DE422C2009E39E5 /* Build configuration list for PBXNativeTarget "Swiffshot" */;
			buildPhases = (
				703436F569FA0FF66F2659AB /* [CP] Check Pods Manifest.lock */,
				0ABB90271DE422C2009E39E5 /* Sources */,
				0ABB90281DE422C2009E39E5 /* Frameworks */,
				0ABB90291DE422C2009E39E5 /* Resources */,
				C5BB0C57186757550E162D46 /* [CP] Embed Pods Frameworks */,
				D31846700B4A1CC67AAA182F /* [CP] Copy Pods Resources */,
			);
			buildRules = (
			);
			dependencies = (
			);
			name = Swiffshot;
			productName = Swiffshot;
			productReference = 0ABB902B1DE422C2009E39E5 /* Swiffshot.app */;
			productType = "com.apple.product-type.application";
		};
/* End PBXNativeTarget section */

/* Begin PBXProject section */
		0ABB90231DE422C2009E39E5 /* Project object */ = {
			isa = PBXProject;
			attributes = {
				LastSwiftUpdateCheck = 0810;
				LastUpgradeCheck = 0810;
				ORGANIZATIONNAME = "Dmitry Kuklin";
				TargetAttributes = {
					0ABB902A1DE422C2009E39E5 = {
						CreatedOnToolsVersion = 8.1;
						DevelopmentTeam = 6EV6V6U9VX;
						ProvisioningStyle = Automatic;
					};
				};
			};
			buildConfigurationList = 0ABB90261DE422C2009E39E5 /* Build configuration list for PBXProject "Swiffshot" */;
			compatibilityVersion = "Xcode 3.2";
			developmentRegion = English;
			hasScannedForEncodings = 0;
			knownRegions = (
				en,
				Base,
			);
			mainGroup = 0ABB90221DE422C2009E39E5;
			productRefGroup = 0ABB902C1DE422C2009E39E5 /* Products */;
			projectDirPath = "";
			projectRoot = "";
			targets = (
				0ABB902A1DE422C2009E39E5 /* Swiffshot */,
			);
		};
/* End PBXProject section */

/* Begin PBXResourcesBuildPhase section */
		0ABB90291DE422C2009E39E5 /* Resources */ = {
			isa = PBXResourcesBuildPhase;
			buildActionMask = 2147483647;
			files = (
				0A63225B1DE7A007006A0644 /* View.xib in Resources */,
				0ABB90391DE422C2009E39E5 /* LaunchScreen.storyboard in Resources */,
				0ABB90361DE422C2009E39E5 /* Assets.xcassets in Resources */,
				0ABB90341DE422C2009E39E5 /* Main.storyboard in Resources */,
				0A6322741DEE076E006A0644 /* SmallCollectionViewCell.xib in Resources */,
				0A6322721DEE0630006A0644 /* LatestStreamCollectionViewCell.xib in Resources */,
				0A6322781DEE22CD006A0644 /* MainHeader.xib in Resources */,
			);
			runOnlyForDeploymentPostprocessing = 0;
		};
/* End PBXResourcesBuildPhase section */

/* Begin PBXShellScriptBuildPhase section */
		703436F569FA0FF66F2659AB /* [CP] Check Pods Manifest.lock */ = {
			isa = PBXShellScriptBuildPhase;
			buildActionMask = 2147483647;
			files = (
			);
			inputPaths = (
			);
			name = "[CP] Check Pods Manifest.lock";
			outputPaths = (
			);
			runOnlyForDeploymentPostprocessing = 0;
			shellPath = /bin/sh;
			shellScript = "diff \"${PODS_ROOT}/../Podfile.lock\" \"${PODS_ROOT}/Manifest.lock\" > /dev/null\nif [[ $? != 0 ]] ; then\n    cat << EOM\nerror: The sandbox is not in sync with the Podfile.lock. Run 'pod install' or update your CocoaPods installation.\nEOM\n    exit 1\nfi\n";
			showEnvVarsInLog = 0;
		};
		C5BB0C57186757550E162D46 /* [CP] Embed Pods Frameworks */ = {
			isa = PBXShellScriptBuildPhase;
			buildActionMask = 2147483647;
			files = (
			);
			inputPaths = (
			);
			name = "[CP] Embed Pods Frameworks";
			outputPaths = (
			);
			runOnlyForDeploymentPostprocessing = 0;
			shellPath = /bin/sh;
			shellScript = "\"${SRCROOT}/Pods/Target Support Files/Pods-Swiffshot/Pods-Swiffshot-frameworks.sh\"\n";
			showEnvVarsInLog = 0;
		};
		D31846700B4A1CC67AAA182F /* [CP] Copy Pods Resources */ = {
			isa = PBXShellScriptBuildPhase;
			buildActionMask = 2147483647;
			files = (
			);
			inputPaths = (
			);
			name = "[CP] Copy Pods Resources";
			outputPaths = (
			);
			runOnlyForDeploymentPostprocessing = 0;
			shellPath = /bin/sh;
			shellScript = "\"${SRCROOT}/Pods/Target Support Files/Pods-Swiffshot/Pods-Swiffshot-resources.sh\"\n";
			showEnvVarsInLog = 0;
		};
/* End PBXShellScriptBuildPhase section */

/* Begin PBXSourcesBuildPhase section */
		0ABB90271DE422C2009E39E5 /* Sources */ = {
			isa = PBXSourcesBuildPhase;
			buildActionMask = 2147483647;
			files = (
				0A63225F1DE8421D006A0644 /* SmallCollectionViewCell.swift in Sources */,
				0A9D4F091E0D4920007F9178 /* WebViewController.swift in Sources */,
				0ABB904D1DE439C1009E39E5 /* YourPhoneViewController.swift in Sources */,
				0A6322591DE79FF7006A0644 /* CameraView.swift in Sources */,
				0A63224C1DE5B89F006A0644 /* NoNavBarNavigationController.swift in Sources */,
				0A6322521DE6D4D6006A0644 /* LatestStreamCollectionViewCell.swift in Sources */,
				0A9D4F0D1E0EE585007F9178 /* UserNameViewController.swift in Sources */,
				0A9D4F051E0D34E7007F9178 /* ProfileModel.swift in Sources */,
				0ABB90471DE433F5009E39E5 /* CheckCodeViewController.swift in Sources */,
				0A9D4EFE1E0BF919007F9178 /* ApiManager.swift in Sources */,
				0A6322681DEB5798006A0644 /* ProfileHeaderView.swift in Sources */,
				0A9D4F0F1E0EF3FC007F9178 /* PasswordViewController.swift in Sources */,
				0A9D4F011E0BF9F2007F9178 /* ErrorModel.swift in Sources */,
				0A6322561DE7987A006A0644 /* CameraViewController.swift in Sources */,
				0ABB90491DE4340E009E39E5 /* FillProfileViewController.swift in Sources */,
				0A9D4F0B1E0D50DA007F9178 /* BirthdayViewController.swift in Sources */,
				0A63227B1DEE43CD006A0644 /* ExpandedViewController.swift in Sources */,
				0AA596091DE4E9CB0005336D /* Defaults.swift in Sources */,
				0A9D4F031E0C015D007F9178 /* AuthMainViewController.swift in Sources */,
				0A9D4F071E0D39CF007F9178 /* FirstStepSignUpViewController.swift in Sources */,
				0A63226A1DEB57C0006A0644 /* ProfilesVideosCollectionViewCell.swift in Sources */,
				0A4D1BC71DF0A08300BF7CCE /* PublishViewController.swift in Sources */,
				0ABB904F1DE44C08009E39E5 /* AuthorizationViewController.swift in Sources */,
				0A6322641DEB41EA006A0644 /* VideoPlayerViewController.swift in Sources */,
				0ABB902F1DE422C2009E39E5 /* AppDelegate.swift in Sources */,
				0A6322771DEE22CD006A0644 /* MainHeader.swift in Sources */,
				0ACD26EB1E0AC2C900C0DD82 /* PlayerViewController.swift in Sources */,
				0AAA359D1DF6A8AD00DFD0BD /* SubcribeViewController.swift in Sources */,
				0A63224B1DE5B89F006A0644 /* MainViewController.swift in Sources */,
				0A6322701DEDE8EB006A0644 /* CategoryCell.swift in Sources */,
			);
			runOnlyForDeploymentPostprocessing = 0;
		};
/* End PBXSourcesBuildPhase section */

/* Begin PBXVariantGroup section */
		0ABB90321DE422C2009E39E5 /* Main.storyboard */ = {
			isa = PBXVariantGroup;
			children = (
				0ABB90331DE422C2009E39E5 /* Base */,
			);
			name = Main.storyboard;
			sourceTree = "<group>";
		};
		0ABB90371DE422C2009E39E5 /* LaunchScreen.storyboard */ = {
			isa = PBXVariantGroup;
			children = (
				0ABB90381DE422C2009E39E5 /* Base */,
			);
			name = LaunchScreen.storyboard;
			sourceTree = "<group>";
		};
/* End PBXVariantGroup section */

/* Begin XCBuildConfiguration section */
		0ABB903B1DE422C2009E39E5 /* Debug */ = {
			isa = XCBuildConfiguration;
			buildSettings = {
				ALWAYS_SEARCH_USER_PATHS = NO;
				CLANG_ANALYZER_NONNULL = YES;
				CLANG_CXX_LANGUAGE_STANDARD = "gnu++0x";
				CLANG_CXX_LIBRARY = "libc++";
				CLANG_ENABLE_MODULES = YES;
				CLANG_ENABLE_OBJC_ARC = YES;
				CLANG_WARN_BOOL_CONVERSION = YES;
				CLANG_WARN_CONSTANT_CONVERSION = YES;
				CLANG_WARN_DIRECT_OBJC_ISA_USAGE = YES_ERROR;
				CLANG_WARN_DOCUMENTATION_COMMENTS = YES;
				CLANG_WARN_EMPTY_BODY = YES;
				CLANG_WARN_ENUM_CONVERSION = YES;
				CLANG_WARN_INFINITE_RECURSION = YES;
				CLANG_WARN_INT_CONVERSION = YES;
				CLANG_WARN_OBJC_ROOT_CLASS = YES_ERROR;
				CLANG_WARN_SUSPICIOUS_MOVES = YES;
				CLANG_WARN_UNREACHABLE_CODE = YES;
				CLANG_WARN__DUPLICATE_METHOD_MATCH = YES;
				"CODE_SIGN_IDENTITY[sdk=iphoneos*]" = "iPhone Developer";
				COPY_PHASE_STRIP = NO;
				DEBUG_INFORMATION_FORMAT = dwarf;
				ENABLE_STRICT_OBJC_MSGSEND = YES;
				ENABLE_TESTABILITY = YES;
				GCC_C_LANGUAGE_STANDARD = gnu99;
				GCC_DYNAMIC_NO_PIC = NO;
				GCC_NO_COMMON_BLOCKS = YES;
				GCC_OPTIMIZATION_LEVEL = 0;
				GCC_PREPROCESSOR_DEFINITIONS = (
					"DEBUG=1",
					"$(inherited)",
				);
				GCC_WARN_64_TO_32_BIT_CONVERSION = YES;
				GCC_WARN_ABOUT_RETURN_TYPE = YES_ERROR;
				GCC_WARN_UNDECLARED_SELECTOR = YES;
				GCC_WARN_UNINITIALIZED_AUTOS = YES_AGGRESSIVE;
				GCC_WARN_UNUSED_FUNCTION = YES;
				GCC_WARN_UNUSED_VARIABLE = YES;
				IPHONEOS_DEPLOYMENT_TARGET = 9.0;
				MTL_ENABLE_DEBUG_INFO = YES;
				ONLY_ACTIVE_ARCH = YES;
				SDKROOT = iphoneos;
				SWIFT_ACTIVE_COMPILATION_CONDITIONS = DEBUG;
				SWIFT_OPTIMIZATION_LEVEL = "-Onone";
			};
			name = Debug;
		};
		0ABB903C1DE422C2009E39E5 /* Release */ = {
			isa = XCBuildConfiguration;
			buildSettings = {
				ALWAYS_SEARCH_USER_PATHS = NO;
				CLANG_ANALYZER_NONNULL = YES;
				CLANG_CXX_LANGUAGE_STANDARD = "gnu++0x";
				CLANG_CXX_LIBRARY = "libc++";
				CLANG_ENABLE_MODULES = YES;
				CLANG_ENABLE_OBJC_ARC = YES;
				CLANG_WARN_BOOL_CONVERSION = YES;
				CLANG_WARN_CONSTANT_CONVERSION = YES;
				CLANG_WARN_DIRECT_OBJC_ISA_USAGE = YES_ERROR;
				CLANG_WARN_DOCUMENTATION_COMMENTS = YES;
				CLANG_WARN_EMPTY_BODY = YES;
				CLANG_WARN_ENUM_CONVERSION = YES;
				CLANG_WARN_INFINITE_RECURSION = YES;
				CLANG_WARN_INT_CONVERSION = YES;
				CLANG_WARN_OBJC_ROOT_CLASS = YES_ERROR;
				CLANG_WARN_SUSPICIOUS_MOVES = YES;
				CLANG_WARN_UNREACHABLE_CODE = YES;
				CLANG_WARN__DUPLICATE_METHOD_MATCH = YES;
				"CODE_SIGN_IDENTITY[sdk=iphoneos*]" = "iPhone Developer";
				COPY_PHASE_STRIP = NO;
				DEBUG_INFORMATION_FORMAT = "dwarf-with-dsym";
				ENABLE_NS_ASSERTIONS = NO;
				ENABLE_STRICT_OBJC_MSGSEND = YES;
				GCC_C_LANGUAGE_STANDARD = gnu99;
				GCC_NO_COMMON_BLOCKS = YES;
				GCC_WARN_64_TO_32_BIT_CONVERSION = YES;
				GCC_WARN_ABOUT_RETURN_TYPE = YES_ERROR;
				GCC_WARN_UNDECLARED_SELECTOR = YES;
				GCC_WARN_UNINITIALIZED_AUTOS = YES_AGGRESSIVE;
				GCC_WARN_UNUSED_FUNCTION = YES;
				GCC_WARN_UNUSED_VARIABLE = YES;
				IPHONEOS_DEPLOYMENT_TARGET = 9.0;
				MTL_ENABLE_DEBUG_INFO = NO;
				SDKROOT = iphoneos;
				SWIFT_OPTIMIZATION_LEVEL = "-Owholemodule";
				VALIDATE_PRODUCT = YES;
			};
			name = Release;
		};
		0ABB903E1DE422C2009E39E5 /* Debug */ = {
			isa = XCBuildConfiguration;
			baseConfigurationReference = D38950A16AAE54D32BCC66C1 /* Pods-Swiffshot.debug.xcconfig */;
			buildSettings = {
				ASSETCATALOG_COMPILER_APPICON_NAME = AppIcon;
				DEVELOPMENT_TEAM = 6EV6V6U9VX;
				ENABLE_BITCODE = NO;
				FRAMEWORK_SEARCH_PATHS = (
					"$(inherited)",
					"$(PROJECT_DIR)",
				);
				INFOPLIST_FILE = Swiffshot/Info.plist;
				IPHONEOS_DEPLOYMENT_TARGET = 9.0;
				LD_RUNPATH_SEARCH_PATHS = "$(inherited) @executable_path/Frameworks";
				OTHER_LDFLAGS = (
					"$(inherited)",
					"-framework",
					"\"SDWebImage\"",
					"-lstdc++",
				);
				PRODUCT_BUNDLE_IDENTIFIER = DK.Swiffshot;
				PRODUCT_NAME = "$(TARGET_NAME)";
				SWIFT_VERSION = 3.0;
			};
			name = Debug;
		};
		0ABB903F1DE422C2009E39E5 /* Release */ = {
			isa = XCBuildConfiguration;
			baseConfigurationReference = 1A27AEA2574358937AA567EC /* Pods-Swiffshot.release.xcconfig */;
			buildSettings = {
				ASSETCATALOG_COMPILER_APPICON_NAME = AppIcon;
				DEVELOPMENT_TEAM = 6EV6V6U9VX;
				ENABLE_BITCODE = NO;
				FRAMEWORK_SEARCH_PATHS = (
					"$(inherited)",
					"$(PROJECT_DIR)",
				);
				INFOPLIST_FILE = Swiffshot/Info.plist;
				IPHONEOS_DEPLOYMENT_TARGET = 9.0;
				LD_RUNPATH_SEARCH_PATHS = "$(inherited) @executable_path/Frameworks";
				OTHER_LDFLAGS = (
					"$(inherited)",
					"-framework",
					"\"SDWebImage\"",
					"-lstdc++",
				);
				PRODUCT_BUNDLE_IDENTIFIER = DK.Swiffshot;
				PRODUCT_NAME = "$(TARGET_NAME)";
				SWIFT_VERSION = 3.0;
			};
			name = Release;
		};
/* End XCBuildConfiguration section */

/* Begin XCConfigurationList section */
		0ABB90261DE422C2009E39E5 /* Build configuration list for PBXProject "Swiffshot" */ = {
			isa = XCConfigurationList;
			buildConfigurations = (
				0ABB903B1DE422C2009E39E5 /* Debug */,
				0ABB903C1DE422C2009E39E5 /* Release */,
			);
			defaultConfigurationIsVisible = 0;
			defaultConfigurationName = Release;
		};
		0ABB903D1DE422C2009E39E5 /* Build configuration list for PBXNativeTarget "Swiffshot" */ = {
			isa = XCConfigurationList;
			buildConfigurations = (
				0ABB903E1DE422C2009E39E5 /* Debug */,
				0ABB903F1DE422C2009E39E5 /* Release */,
			);
			defaultConfigurationIsVisible = 0;
			defaultConfigurationName = Release;
		};
/* End XCConfigurationList section */
	};
	rootObject = 0ABB90231DE422C2009E39E5 /* Project object */;
}
